# THIS IS AN AUTOGENERATED FILE. DO NOT EDIT THIS FILE DIRECTLY.
# yarn lockfile v1


"@babel/code-frame@7.12.11":
  version "7.12.11"
  resolved "https://registry.yarnpkg.com/@babel/code-frame/-/code-frame-7.12.11.tgz#f4ad435aa263db935b8f10f2c552d23fb716a63f"
  integrity sha512-Zt1yodBx1UcyiePMSkWnU4hPqhwq7hGi2nFL1LeA3EUl+q2LQx16MISgJ0+z7dnmgvP9QtIleuETGOiOH1RcIw==
  dependencies:
    "@babel/highlight" "^7.10.4"

"@babel/helper-validator-identifier@^7.12.11":
  version "7.12.11"
  resolved "https://registry.yarnpkg.com/@babel/helper-validator-identifier/-/helper-validator-identifier-7.12.11.tgz#c9a1f021917dcb5ccf0d4e453e399022981fc9ed"
  integrity sha512-np/lG3uARFybkoHokJUmf1QfEvRVCPbmQeUQpKow5cQ3xWrV9i3rUHodKDJPQfTVX61qKi+UdYk8kik84n7XOw==

"@babel/highlight@^7.10.4":
  version "7.12.13"
  resolved "https://registry.yarnpkg.com/@babel/highlight/-/highlight-7.12.13.tgz#8ab538393e00370b26271b01fa08f7f27f2e795c"
  integrity sha512-kocDQvIbgMKlWxXe9fof3TQ+gkIPOUSEYhJjqUjvKMez3krV7vbzYCDq39Oj11UAVK7JqPVGQPlgE85dPNlQww==
  dependencies:
    "@babel/helper-validator-identifier" "^7.12.11"
    chalk "^2.0.0"
    js-tokens "^4.0.0"

"@eslint/eslintrc@^0.3.0":
  version "0.3.0"
  resolved "https://registry.yarnpkg.com/@eslint/eslintrc/-/eslintrc-0.3.0.tgz#d736d6963d7003b6514e6324bec9c602ac340318"
  integrity sha512-1JTKgrOKAHVivSvOYw+sJOunkBjUOvjqWk1DPja7ZFhIS2mX/4EgTT8M7eTK9jrKhL/FvXXEbQwIs3pg1xp3dg==
  dependencies:
    ajv "^6.12.4"
    debug "^4.1.1"
    espree "^7.3.0"
    globals "^12.1.0"
    ignore "^4.0.6"
    import-fresh "^3.2.1"
    js-yaml "^3.13.1"
    lodash "^4.17.20"
    minimatch "^3.0.4"
    strip-json-comments "^3.1.1"

"@not-an-aardvark/node-release-script@^0.1.0":
  version "0.1.0"
  resolved "https://registry.yarnpkg.com/@not-an-aardvark/node-release-script/-/node-release-script-0.1.0.tgz#bfd4426239365b0dba0a7e9934f365123e915b76"
  dependencies:
    moment "^2.18.1"
    semver "^5.4.1"

"@types/color-name@^1.1.1":
  version "1.1.1"
  resolved "https://registry.yarnpkg.com/@types/color-name/-/color-name-1.1.1.tgz#1c1261bbeaa10a8055bbc5d8ab84b7b2afc846a0"
  integrity sha512-rr+OQyAjxze7GgWrSaJwydHStIhHq2lvY3BOC2Mj7KnzI7XK0Uw1TOOdI9lDoajEbSWLiYgoo4f1R51erQfhPQ==

acorn-jsx@^5.2.0, acorn-jsx@^5.3.1:
  version "5.3.1"
  resolved "https://registry.yarnpkg.com/acorn-jsx/-/acorn-jsx-5.3.1.tgz#fc8661e11b7ac1539c47dbfea2e72b3af34d267b"
  integrity sha512-K0Ptm/47OKfQRpNQ2J/oIN/3QYiK6FwW+eJbILhsdxh2WTLdl+30o8aGdTbm5JbffpFFAg/g+zi1E+jvJha5ng==

acorn@^7.1.1, acorn@^7.4.0:
  version "7.4.1"
  resolved "https://registry.yarnpkg.com/acorn/-/acorn-7.4.1.tgz#feaed255973d2e77555b83dbc08851a6c63520fa"
  integrity sha512-nQyp0o1/mNdbTO1PO6kHkwSrmgZ0MT/jCCpNiwbUjGoRN4dlBhqJtoQuCnEOKzgTVwg0ZWiCoQy6SxMebQVh8A==

ajv@^6.10.0, ajv@^6.12.4:
  version "6.12.6"
  resolved "https://registry.yarnpkg.com/ajv/-/ajv-6.12.6.tgz#baf5a62e802b07d977034586f8c3baf5adf26df4"
  integrity sha512-j3fVLgvTo527anyYyJOGTYJbG+vnnQYvE0m5mmkc1TK+nxAppkCLMIL0aZ4dblVCNoGShhm+kzE4ZUykBoMg4g==
  dependencies:
    fast-deep-equal "^3.1.1"
    fast-json-stable-stringify "^2.0.0"
    json-schema-traverse "^0.4.1"
    uri-js "^4.2.2"

ansi-colors@3.2.3:
  version "3.2.3"
  resolved "https://registry.yarnpkg.com/ansi-colors/-/ansi-colors-3.2.3.tgz#57d35b8686e851e2cc04c403f1c00203976a1813"

ansi-colors@^3.2.1:
  version "3.2.4"
  resolved "https://registry.yarnpkg.com/ansi-colors/-/ansi-colors-3.2.4.tgz#e3a3da4bfbae6c86a9c285625de124a234026fbf"
  integrity sha512-hHUXGagefjN2iRrID63xckIvotOXOojhQKWIPUZ4mNUZ9nLZW+7FMNoE1lOkEhNWYsx/7ysGIuJYCiMAA9FnrA==

ansi-regex@^3.0.0:
  version "3.0.0"
  resolved "https://registry.yarnpkg.com/ansi-regex/-/ansi-regex-3.0.0.tgz#ed0317c322064f79466c02966bddb605ab37d998"

ansi-regex@^4.1.0:
  version "4.1.0"
  resolved "https://registry.yarnpkg.com/ansi-regex/-/ansi-regex-4.1.0.tgz#8b9f8f08cf1acb843756a839ca8c7e3168c51997"

ansi-regex@^5.0.0:
  version "5.0.0"
  resolved "https://registry.yarnpkg.com/ansi-regex/-/ansi-regex-5.0.0.tgz#388539f55179bf39339c81af30a654d69f87cb75"
  integrity sha512-bY6fj56OUQ0hU1KjFNDQuJFezqKdrAyFdIevADiqrWHwSlbmBNMHp5ak2f40Pm8JTFyM2mqxkG6ngkHO11f/lg==

ansi-styles@^3.2.0, ansi-styles@^3.2.1:
  version "3.2.1"
  resolved "https://registry.yarnpkg.com/ansi-styles/-/ansi-styles-3.2.1.tgz#41fbb20243e50b12be0f04b8dedbf07520ce841d"
  dependencies:
    color-convert "^1.9.0"

ansi-styles@^4.0.0:
  version "4.3.0"
  resolved "https://registry.yarnpkg.com/ansi-styles/-/ansi-styles-4.3.0.tgz#edd803628ae71c04c85ae7a0906edad34b648937"
  integrity sha512-zbB9rCJAT1rbjiVDb2hqKFHNYLxgtk8NURxZ3IZwD3F6NtxbXZQCnnSi1Lkx+IDohdPlFp222wVALIheZJQSEg==
  dependencies:
    color-convert "^2.0.1"

ansi-styles@^4.1.0:
  version "4.2.1"
  resolved "https://registry.yarnpkg.com/ansi-styles/-/ansi-styles-4.2.1.tgz#90ae75c424d008d2624c5bf29ead3177ebfcf359"
  integrity sha512-9VGjrMsG1vePxcSweQsN20KY/c4zN0h9fLjqAbwbPfahM3t+NL+M9HC8xeXG2I8pX5NoamTGNuomEUFI7fcUjA==
  dependencies:
    "@types/color-name" "^1.1.1"
    color-convert "^2.0.1"

argparse@^1.0.7:
  version "1.0.10"
  resolved "https://registry.yarnpkg.com/argparse/-/argparse-1.0.10.tgz#bcd6791ea5ae09725e17e5ad988134cd40b3d911"
  dependencies:
    sprintf-js "~1.0.2"

astral-regex@^2.0.0:
  version "2.0.0"
  resolved "https://registry.yarnpkg.com/astral-regex/-/astral-regex-2.0.0.tgz#483143c567aeed4785759c0865786dc77d7d2e31"
  integrity sha512-Z7tMw1ytTXt5jqMcOP+OQteU1VuNK9Y02uuJtKQ1Sv69jXQKKg5cibLwGJow8yzZP+eAc18EmLGPal0bp36rvQ==

balanced-match@^1.0.0:
  version "1.0.0"
  resolved "https://registry.yarnpkg.com/balanced-match/-/balanced-match-1.0.0.tgz#89b4d199ab2bee49de164ea02b89ce462d71b767"

brace-expansion@^1.1.7:
  version "1.1.11"
  resolved "https://registry.yarnpkg.com/brace-expansion/-/brace-expansion-1.1.11.tgz#3c7fcbf529d87226f3d2f52b966ff5271eb441dd"
  dependencies:
    balanced-match "^1.0.0"
    concat-map "0.0.1"

browser-stdout@1.3.1:
  version "1.3.1"
  resolved "https://registry.yarnpkg.com/browser-stdout/-/browser-stdout-1.3.1.tgz#baa559ee14ced73452229bad7326467c61fabd60"

callsites@^3.0.0:
  version "3.0.0"
  resolved "https://registry.yarnpkg.com/callsites/-/callsites-3.0.0.tgz#fb7eb569b72ad7a45812f93fd9430a3e410b3dd3"

camelcase@^5.0.0:
  version "5.0.0"
  resolved "https://registry.yarnpkg.com/camelcase/-/camelcase-5.0.0.tgz#03295527d58bd3cd4aa75363f35b2e8d97be2f42"

chalk@^2.0.0, chalk@^2.0.1:
  version "2.4.2"
  resolved "https://registry.yarnpkg.com/chalk/-/chalk-2.4.2.tgz#cd42541677a54333cf541a49108c1432b44c9424"
  dependencies:
    ansi-styles "^3.2.1"
    escape-string-regexp "^1.0.5"
    supports-color "^5.3.0"

chalk@^4.0.0:
  version "4.0.0"
  resolved "https://registry.yarnpkg.com/chalk/-/chalk-4.0.0.tgz#6e98081ed2d17faab615eb52ac66ec1fe6209e72"
  integrity sha512-N9oWFcegS0sFr9oh1oz2d7Npos6vNoWW9HvtCg5N1KRFpUhaAhvTv5Y58g880fZaEYSNm3qDz8SU1UrGvp+n7A==
  dependencies:
    ansi-styles "^4.1.0"
    supports-color "^7.1.0"

cliui@^5.0.0:
  version "5.0.0"
  resolved "https://registry.yarnpkg.com/cliui/-/cliui-5.0.0.tgz#deefcfdb2e800784aa34f46fa08e06851c7bbbc5"
  dependencies:
    string-width "^3.1.0"
    strip-ansi "^5.2.0"
    wrap-ansi "^5.1.0"

color-convert@^1.9.0:
  version "1.9.3"
  resolved "https://registry.yarnpkg.com/color-convert/-/color-convert-1.9.3.tgz#bb71850690e1f136567de629d2d5471deda4c1e8"
  dependencies:
    color-name "1.1.3"

color-convert@^2.0.1:
  version "2.0.1"
  resolved "https://registry.yarnpkg.com/color-convert/-/color-convert-2.0.1.tgz#72d3a68d598c9bdb3af2ad1e84f21d896abd4de3"
  integrity sha512-RRECPsj7iu/xb5oKYcsFHSppFNnsj/52OVTRKb4zP5onXwVF3zVmmToNcOfGC+CRDpfK/U584fMg38ZHCaElKQ==
  dependencies:
    color-name "~1.1.4"

color-name@1.1.3:
  version "1.1.3"
  resolved "https://registry.yarnpkg.com/color-name/-/color-name-1.1.3.tgz#a7d0558bd89c42f795dd42328f740831ca53bc25"

color-name@~1.1.4:
  version "1.1.4"
  resolved "https://registry.yarnpkg.com/color-name/-/color-name-1.1.4.tgz#c2a09a87acbde69543de6f63fa3995c826c536a2"
  integrity sha512-dOy+3AuW3a2wNbZHIuMZpTcgjGuLU/uBL/ubcZF9OXbDo8ff4O8yVp5Bf0efS8uEoYo5q4Fx7dY9OgQGXgAsQA==

concat-map@0.0.1:
  version "0.0.1"
  resolved "https://registry.yarnpkg.com/concat-map/-/concat-map-0.0.1.tgz#d8a96bd77fd68df7793a73036a3ba0d5405d477b"

cross-spawn@^7.0.2:
  version "7.0.2"
  resolved "https://registry.yarnpkg.com/cross-spawn/-/cross-spawn-7.0.2.tgz#d0d7dcfa74e89115c7619f4f721a94e1fdb716d6"
  integrity sha512-PD6G8QG3S4FK/XCGFbEQrDqO2AnMMsy0meR7lerlIOHAAbkuavGU/pOqprrlvfTNjvowivTeBsjebAL0NSoMxw==
  dependencies:
    path-key "^3.1.0"
    shebang-command "^2.0.0"
    which "^2.0.1"

debug@3.2.6:
  version "3.2.6"
  resolved "https://registry.yarnpkg.com/debug/-/debug-3.2.6.tgz#e83d17de16d8a7efb7717edbe5fb10135eee629b"
  dependencies:
    ms "^2.1.1"

debug@^4.0.1, debug@^4.1.1:
  version "4.1.1"
  resolved "https://registry.yarnpkg.com/debug/-/debug-4.1.1.tgz#3b72260255109c6b589cee050f1d516139664791"
  dependencies:
    ms "^2.1.1"

decamelize@^1.2.0:
  version "1.2.0"
  resolved "https://registry.yarnpkg.com/decamelize/-/decamelize-1.2.0.tgz#f6534d15148269b20352e7bee26f501f9a191290"

deep-is@^0.1.3:
  version "0.1.3"
  resolved "https://registry.yarnpkg.com/deep-is/-/deep-is-0.1.3.tgz#b369d6fb5dbc13eecf524f91b070feedc357cf34"
  integrity sha1-s2nW+128E+7PUk+RsHD+7cNXzzQ=

define-properties@^1.1.2:
  version "1.1.3"
  resolved "https://registry.yarnpkg.com/define-properties/-/define-properties-1.1.3.tgz#cf88da6cbee26fe6db7094f61d870cbd84cee9f1"
  dependencies:
    object-keys "^1.0.12"

diff@3.5.0:
  version "3.5.0"
  resolved "https://registry.yarnpkg.com/diff/-/diff-3.5.0.tgz#800c0dd1e0a8bfbc95835c202ad220fe317e5a12"

doctrine@^3.0.0:
  version "3.0.0"
  resolved "https://registry.yarnpkg.com/doctrine/-/doctrine-3.0.0.tgz#addebead72a6574db783639dc87a121773973961"
  dependencies:
    esutils "^2.0.2"

emoji-regex@^7.0.1:
  version "7.0.3"
  resolved "https://registry.yarnpkg.com/emoji-regex/-/emoji-regex-7.0.3.tgz#933a04052860c85e83c122479c4748a8e4c72156"

emoji-regex@^8.0.0:
  version "8.0.0"
  resolved "https://registry.yarnpkg.com/emoji-regex/-/emoji-regex-8.0.0.tgz#e818fd69ce5ccfcb404594f842963bf53164cc37"
  integrity sha512-MSjYzcWNOA0ewAHpz0MxpYFvwg6yjy1NG3xteoqz644VCo/RPgnr1/GGt+ic3iJTzQ8Eu3TdM14SawnVUmGE6A==

enquirer@^2.3.5:
  version "2.3.5"
  resolved "https://registry.yarnpkg.com/enquirer/-/enquirer-2.3.5.tgz#3ab2b838df0a9d8ab9e7dff235b0e8712ef92381"
  integrity sha512-BNT1C08P9XD0vNg3J475yIUG+mVdp9T6towYFHUv897X0KoHBjB1shyrNmhmtHWKP17iSWgo7Gqh7BBuzLZMSA==
  dependencies:
    ansi-colors "^3.2.1"

es-abstract@^1.5.1:
  version "1.13.0"
  resolved "https://registry.yarnpkg.com/es-abstract/-/es-abstract-1.13.0.tgz#ac86145fdd5099d8dd49558ccba2eaf9b88e24e9"
  dependencies:
    es-to-primitive "^1.2.0"
    function-bind "^1.1.1"
    has "^1.0.3"
    is-callable "^1.1.4"
    is-regex "^1.0.4"
    object-keys "^1.0.12"

es-to-primitive@^1.2.0:
  version "1.2.0"
  resolved "https://registry.yarnpkg.com/es-to-primitive/-/es-to-primitive-1.2.0.tgz#edf72478033456e8dda8ef09e00ad9650707f377"
  dependencies:
    is-callable "^1.1.4"
    is-date-object "^1.0.1"
    is-symbol "^1.0.2"

escape-string-regexp@1.0.5, escape-string-regexp@^1.0.5:
  version "1.0.5"
  resolved "https://registry.yarnpkg.com/escape-string-regexp/-/escape-string-regexp-1.0.5.tgz#1b61c0562190a8dff6ae3bb2cf0200ca130b86d4"

eslint-config-not-an-aardvark@^2.1.0:
  version "2.1.0"
  resolved "https://registry.yarnpkg.com/eslint-config-not-an-aardvark/-/eslint-config-not-an-aardvark-2.1.0.tgz#71e5fb7c43b64abb4632ef144aad6cceef520195"

eslint-config-prettier@^6.0.0:
  version "6.11.0"
  resolved "https://registry.yarnpkg.com/eslint-config-prettier/-/eslint-config-prettier-6.11.0.tgz#f6d2238c1290d01c859a8b5c1f7d352a0b0da8b1"
  dependencies:
    get-stdin "^6.0.0"

eslint-plugin-es@^1.3.1:
  version "1.3.1"
  resolved "https://registry.yarnpkg.com/eslint-plugin-es/-/eslint-plugin-es-1.3.1.tgz#5acb2565db4434803d1d46a9b4cbc94b345bd028"
  dependencies:
    eslint-utils "^1.3.0"
    regexpp "^2.0.0"

eslint-plugin-eslint-plugin@^2.0.0:
  version "2.3.0"
  resolved "https://registry.yarnpkg.com/eslint-plugin-eslint-plugin/-/eslint-plugin-eslint-plugin-2.3.0.tgz#1b6ffd13b74da5656e27106b79567b162984fc41"
  integrity sha512-xER9XjfTLrAgoUzPguPKoreDGtXt2vUnwqAqdElNrkcSbl5K1rGtSOmhgbiqCb7UN4spnjNhIZplHMNWY6Kz/w==

eslint-plugin-node@^8.0.0:
  version "8.0.1"
  resolved "https://registry.yarnpkg.com/eslint-plugin-node/-/eslint-plugin-node-8.0.1.tgz#55ae3560022863d141fa7a11799532340a685964"
  dependencies:
    eslint-plugin-es "^1.3.1"
    eslint-utils "^1.3.1"
    ignore "^5.0.2"
    minimatch "^3.0.4"
    resolve "^1.8.1"
    semver "^5.5.0"

eslint-plugin-self@^1.1.0:
  version "1.2.1"
  resolved "https://registry.yarnpkg.com/eslint-plugin-self/-/eslint-plugin-self-1.2.1.tgz#7f1ac269f3a230c86ca308fea3349d67bce1ffe5"
  integrity sha512-S/9vZbF2Zm3EZWeyaaCOI4idFLrT9t4cVZ7bnrgb4FWcLpNssDC5LFylgxfAb4Pm3aFubFurCZDi6nHkyP+TgQ==

eslint-scope@^5.0.0, eslint-scope@^5.1.1:
  version "5.1.1"
  resolved "https://registry.yarnpkg.com/eslint-scope/-/eslint-scope-5.1.1.tgz#e786e59a66cb92b3f6c1fb0d508aab174848f48c"
  integrity sha512-2NxwbF/hZ0KpepYN0cNbo+FN6XoK7GaHlQhgx/hIZl6Va0bF45RQOOwhLIy8lQDbuCiadSLCBnH2CFYquit5bw==
  dependencies:
    esrecurse "^4.3.0"
    estraverse "^4.1.1"

eslint-utils@^1.3.0, eslint-utils@^1.3.1:
  version "1.4.3"
  resolved "https://registry.yarnpkg.com/eslint-utils/-/eslint-utils-1.4.3.tgz#74fec7c54d0776b6f67e0251040b5806564e981f"
  dependencies:
    eslint-visitor-keys "^1.1.0"

eslint-utils@^2.1.0:
  version "2.1.0"
  resolved "https://registry.yarnpkg.com/eslint-utils/-/eslint-utils-2.1.0.tgz#d2de5e03424e707dc10c74068ddedae708741b27"
  integrity sha512-w94dQYoauyvlDc43XnGB8lU3Zt713vNChgt4EWwhXAP2XkBvndfxF0AgIqKOOasjPIPzj9JqgwkwbCYD0/V3Zg==
  dependencies:
    eslint-visitor-keys "^1.1.0"

eslint-visitor-keys@^1.1.0, eslint-visitor-keys@^1.3.0:
  version "1.3.0"
  resolved "https://registry.yarnpkg.com/eslint-visitor-keys/-/eslint-visitor-keys-1.3.0.tgz#30ebd1ef7c2fdff01c3a4f151044af25fab0523e"
  integrity sha512-6J72N8UNa462wa/KFODt/PJ3IU60SDpC3QXC1Hjc1BXXpfL2C9R5+AU7jhe0F6GREqVMh4Juu+NY7xn+6dipUQ==

eslint-visitor-keys@^2.0.0:
  version "2.0.0"
  resolved "https://registry.yarnpkg.com/eslint-visitor-keys/-/eslint-visitor-keys-2.0.0.tgz#21fdc8fbcd9c795cc0321f0563702095751511a8"
  integrity sha512-QudtT6av5WXels9WjIM7qz1XD1cWGvX4gGXvp/zBn9nXG02D0utdU3Em2m/QjTnrsk6bBjmCygl3rmj118msQQ==

eslint@^7.0.0:
  version "7.20.0"
  resolved "https://registry.yarnpkg.com/eslint/-/eslint-7.20.0.tgz#db07c4ca4eda2e2316e7aa57ac7fc91ec550bdc7"
  integrity sha512-qGi0CTcOGP2OtCQBgWZlQjcTuP0XkIpYFj25XtRTQSHC+umNnp7UMshr2G8SLsRFYDdAPFeHOsiteadmMH02Yw==
  dependencies:
    "@babel/code-frame" "7.12.11"
    "@eslint/eslintrc" "^0.3.0"
    ajv "^6.10.0"
    chalk "^4.0.0"
    cross-spawn "^7.0.2"
    debug "^4.0.1"
    doctrine "^3.0.0"
    enquirer "^2.3.5"
    eslint-scope "^5.1.1"
    eslint-utils "^2.1.0"
    eslint-visitor-keys "^2.0.0"
    espree "^7.3.1"
    esquery "^1.4.0"
    esutils "^2.0.2"
    file-entry-cache "^6.0.0"
    functional-red-black-tree "^1.0.1"
    glob-parent "^5.0.0"
    globals "^12.1.0"
    ignore "^4.0.6"
    import-fresh "^3.0.0"
    imurmurhash "^0.1.4"
    is-glob "^4.0.0"
    js-yaml "^3.13.1"
    json-stable-stringify-without-jsonify "^1.0.1"
    levn "^0.4.1"
    lodash "^4.17.20"
    minimatch "^3.0.4"
    natural-compare "^1.4.0"
    optionator "^0.9.1"
    progress "^2.0.0"
    regexpp "^3.1.0"
    semver "^7.2.1"
    strip-ansi "^6.0.0"
    strip-json-comments "^3.1.0"
    table "^6.0.4"
    text-table "^0.2.0"
    v8-compile-cache "^2.0.3"

espree@^6.2.1:
  version "6.2.1"
  resolved "https://registry.yarnpkg.com/espree/-/espree-6.2.1.tgz#77fc72e1fd744a2052c20f38a5b575832e82734a"
  integrity sha512-ysCxRQY3WaXJz9tdbWOwuWr5Y/XrPTGX9Kiz3yoUXwW0VZ4w30HTkQLaGx/+ttFjF8i+ACbArnB4ce68a9m5hw==
  dependencies:
    acorn "^7.1.1"
    acorn-jsx "^5.2.0"
    eslint-visitor-keys "^1.1.0"

espree@^7.3.0, espree@^7.3.1:
  version "7.3.1"
  resolved "https://registry.yarnpkg.com/espree/-/espree-7.3.1.tgz#f2df330b752c6f55019f8bd89b7660039c1bbbb6"
  integrity sha512-v3JCNCE64umkFpmkFGqzVKsOT0tN1Zr+ueqLZfpV1Ob8e+CEgPWa+OxCoGH3tnhimMKIaBm4m/vaRpJ/krRz2g==
  dependencies:
    acorn "^7.4.0"
    acorn-jsx "^5.3.1"
    eslint-visitor-keys "^1.3.0"

esprima@^4.0.0:
  version "4.0.1"
  resolved "https://registry.yarnpkg.com/esprima/-/esprima-4.0.1.tgz#13b04cdb3e6c5d19df91ab6987a8695619b0aa71"

esquery@^1.4.0:
  version "1.4.0"
  resolved "https://registry.yarnpkg.com/esquery/-/esquery-1.4.0.tgz#2148ffc38b82e8c7057dfed48425b3e61f0f24a5"
  integrity sha512-cCDispWt5vHHtwMY2YrAQ4ibFkAL8RbH5YGBnZBc90MolvvfkkQcJro/aZiAQUlQ3qgrYS6D6v8Gc5G5CQsc9w==
  dependencies:
    estraverse "^5.1.0"

esrecurse@^4.3.0:
  version "4.3.0"
  resolved "https://registry.yarnpkg.com/esrecurse/-/esrecurse-4.3.0.tgz#7ad7964d679abb28bee72cec63758b1c5d2c9921"
  integrity sha512-KmfKL3b6G+RXvP8N1vr3Tq1kL/oCFgn2NYXEtqP8/L3pKapUA4G8cFVaoF3SU323CD4XypR/ffioHmkti6/Tag==
  dependencies:
    estraverse "^5.2.0"

estraverse@^4.1.1:
  version "4.2.0"
  resolved "https://registry.yarnpkg.com/estraverse/-/estraverse-4.2.0.tgz#0dee3fed31fcd469618ce7342099fc1afa0bdb13"

estraverse@^5.1.0:
  version "5.1.0"
  resolved "https://registry.yarnpkg.com/estraverse/-/estraverse-5.1.0.tgz#374309d39fd935ae500e7b92e8a6b4c720e59642"
  integrity sha512-FyohXK+R0vE+y1nHLoBM7ZTyqRpqAlhdZHCWIWEviFLiGB8b04H6bQs8G+XTthacvT8VuwvteiP7RJSxMs8UEw==

estraverse@^5.2.0:
  version "5.2.0"
  resolved "https://registry.yarnpkg.com/estraverse/-/estraverse-5.2.0.tgz#307df42547e6cc7324d3cf03c155d5cdb8c53880"
  integrity sha512-BxbNGGNm0RyRYvUdHpIwv9IWzeM9XClbOxwoATuFdOE7ZE6wHL+HQ5T8hoPM+zHvmKzzsEqhgy0GrQ5X13afiQ==

esutils@^2.0.2:
  version "2.0.2"
  resolved "https://registry.yarnpkg.com/esutils/-/esutils-2.0.2.tgz#0abf4f1caa5bcb1f7a9d8acc6dea4faaa04bac9b"

fast-deep-equal@^3.1.1:
  version "3.1.3"
  resolved "https://registry.yarnpkg.com/fast-deep-equal/-/fast-deep-equal-3.1.3.tgz#3a7d56b559d6cbc3eb512325244e619a65c6c525"
  integrity sha512-f3qQ9oQy9j2AhBe/H9VC91wLmKBCCU/gDOnKNAYG5hswO7BLKj09Hc5HYNz9cGI++xlpDCIgDaitVs03ATR84Q==

fast-diff@^1.1.2:
  version "1.1.2"
  resolved "https://registry.yarnpkg.com/fast-diff/-/fast-diff-1.1.2.tgz#4b62c42b8e03de3f848460b639079920695d0154"

fast-json-stable-stringify@^2.0.0:
  version "2.0.0"
  resolved "https://registry.yarnpkg.com/fast-json-stable-stringify/-/fast-json-stable-stringify-2.0.0.tgz#d5142c0caee6b1189f87d3a76111064f86c8bbf2"

fast-levenshtein@^2.0.6:
  version "2.0.6"
  resolved "https://registry.yarnpkg.com/fast-levenshtein/-/fast-levenshtein-2.0.6.tgz#3d8a5c66883a16a30ca8643e851f19baa7797917"
  integrity sha1-PYpcZog6FqMMqGQ+hR8Zuqd5eRc=

file-entry-cache@^6.0.0:
  version "6.0.0"
  resolved "https://registry.yarnpkg.com/file-entry-cache/-/file-entry-cache-6.0.0.tgz#7921a89c391c6d93efec2169ac6bf300c527ea0a"
  integrity sha512-fqoO76jZ3ZnYrXLDRxBR1YvOvc0k844kcOg40bgsPrE25LAb/PDqTY+ho64Xh2c8ZXgIKldchCFHczG2UVRcWA==
  dependencies:
    flat-cache "^3.0.4"

find-up@3.0.0, find-up@^3.0.0:
  version "3.0.0"
  resolved "https://registry.yarnpkg.com/find-up/-/find-up-3.0.0.tgz#49169f1d7993430646da61ecc5ae355c21c97b73"
  dependencies:
    locate-path "^3.0.0"

flat-cache@^3.0.4:
  version "3.0.4"
  resolved "https://registry.yarnpkg.com/flat-cache/-/flat-cache-3.0.4.tgz#61b0338302b2fe9f957dcc32fc2a87f1c3048b11"
  integrity sha512-dm9s5Pw7Jc0GvMYbshN6zchCA9RgQlzzEZX3vylR9IqFfS8XciblUXOKfW6SiuJ0e13eDYZoZV5wdrev7P3Nwg==
  dependencies:
    flatted "^3.1.0"
    rimraf "^3.0.2"

flat@^4.1.0:
  version "4.1.0"
  resolved "https://registry.yarnpkg.com/flat/-/flat-4.1.0.tgz#090bec8b05e39cba309747f1d588f04dbaf98db2"
  dependencies:
    is-buffer "~2.0.3"

flatted@^3.1.0:
  version "3.1.0"
  resolved "https://registry.yarnpkg.com/flatted/-/flatted-3.1.0.tgz#a5d06b4a8b01e3a63771daa5cb7a1903e2e57067"
  integrity sha512-tW+UkmtNg/jv9CSofAKvgVcO7c2URjhTdW1ZTkcAritblu8tajiYy7YisnIflEwtKssCtOxpnBRoCB7iap0/TA==

fs.realpath@^1.0.0:
  version "1.0.0"
  resolved "https://registry.yarnpkg.com/fs.realpath/-/fs.realpath-1.0.0.tgz#1504ad2523158caa40db4a2787cb01411994ea4f"

function-bind@^1.1.1:
  version "1.1.1"
  resolved "https://registry.yarnpkg.com/function-bind/-/function-bind-1.1.1.tgz#a56899d3ea3c9bab874bb9773b7c5ede92f4895d"

functional-red-black-tree@^1.0.1:
  version "1.0.1"
  resolved "https://registry.yarnpkg.com/functional-red-black-tree/-/functional-red-black-tree-1.0.1.tgz#1b0ab3bd553b2a0d6399d29c0e3ea0b252078327"

get-caller-file@^2.0.1:
  version "2.0.5"
  resolved "https://registry.yarnpkg.com/get-caller-file/-/get-caller-file-2.0.5.tgz#4f94412a82db32f36e3b0b9741f8a97feb031f7e"

get-stdin@^6.0.0:
  version "6.0.0"
  resolved "https://registry.yarnpkg.com/get-stdin/-/get-stdin-6.0.0.tgz#9e09bf712b360ab9225e812048f71fde9c89657b"

glob-parent@^5.0.0:
  version "5.0.0"
  resolved "https://registry.yarnpkg.com/glob-parent/-/glob-parent-5.0.0.tgz#1dc99f0f39b006d3e92c2c284068382f0c20e954"
  dependencies:
    is-glob "^4.0.1"

glob@7.1.3, glob@^7.1.3:
  version "7.1.3"
  resolved "https://registry.yarnpkg.com/glob/-/glob-7.1.3.tgz#3960832d3f1574108342dafd3a67b332c0969df1"
  dependencies:
    fs.realpath "^1.0.0"
    inflight "^1.0.4"
    inherits "2"
    minimatch "^3.0.4"
    once "^1.3.0"
    path-is-absolute "^1.0.0"

globals@^12.1.0:
  version "12.3.0"
  resolved "https://registry.yarnpkg.com/globals/-/globals-12.3.0.tgz#1e564ee5c4dded2ab098b0f88f24702a3c56be13"
  dependencies:
    type-fest "^0.8.1"

growl@1.10.5:
  version "1.10.5"
  resolved "https://registry.yarnpkg.com/growl/-/growl-1.10.5.tgz#f2735dc2283674fa67478b10181059355c369e5e"

has-flag@^3.0.0:
  version "3.0.0"
  resolved "https://registry.yarnpkg.com/has-flag/-/has-flag-3.0.0.tgz#b5d454dc2199ae225699f3467e5a07f3b955bafd"

has-flag@^4.0.0:
  version "4.0.0"
  resolved "https://registry.yarnpkg.com/has-flag/-/has-flag-4.0.0.tgz#944771fd9c81c81265c4d6941860da06bb59479b"
  integrity sha512-EykJT/Q1KjTWctppgIAgfSO0tKVuZUjhgMr17kqTumMl6Afv3EISleU7qZUzoXDFTAHTDC4NOoG/ZxU3EvlMPQ==

has-symbols@^1.0.0:
  version "1.0.0"
  resolved "https://registry.yarnpkg.com/has-symbols/-/has-symbols-1.0.0.tgz#ba1a8f1af2a0fc39650f5c850367704122063b44"

has@^1.0.1, has@^1.0.3:
  version "1.0.3"
  resolved "https://registry.yarnpkg.com/has/-/has-1.0.3.tgz#722d7cbfc1f6aa8241f16dd814e011e1f41e8796"
  dependencies:
    function-bind "^1.1.1"

he@1.2.0:
  version "1.2.0"
  resolved "https://registry.yarnpkg.com/he/-/he-1.2.0.tgz#84ae65fa7eafb165fddb61566ae14baf05664f0f"

ignore@^4.0.6:
  version "4.0.6"
  resolved "https://registry.yarnpkg.com/ignore/-/ignore-4.0.6.tgz#750e3db5862087b4737ebac8207ffd1ef27b25fc"

ignore@^5.0.2:
  version "5.0.4"
  resolved "https://registry.yarnpkg.com/ignore/-/ignore-5.0.4.tgz#33168af4a21e99b00c5d41cbadb6a6cb49903a45"

import-fresh@^3.0.0, import-fresh@^3.2.1:
  version "3.2.2"
  resolved "https://registry.yarnpkg.com/import-fresh/-/import-fresh-3.2.2.tgz#fc129c160c5d68235507f4331a6baad186bdbc3e"
  integrity sha512-cTPNrlvJT6twpYy+YmKUKrTSjWFs3bjYjAhCwm+z4EOCubZxAuO+hHpRN64TqjEaYSHs7tJAE0w1CKMGmsG/lw==
  dependencies:
    parent-module "^1.0.0"
    resolve-from "^4.0.0"

imurmurhash@^0.1.4:
  version "0.1.4"
  resolved "https://registry.yarnpkg.com/imurmurhash/-/imurmurhash-0.1.4.tgz#9218b9b2b928a238b13dc4fb6b6d576f231453ea"

inflight@^1.0.4:
  version "1.0.6"
  resolved "https://registry.yarnpkg.com/inflight/-/inflight-1.0.6.tgz#49bd6331d7d02d0c09bc910a1075ba8165b56df9"
  dependencies:
    once "^1.3.0"
    wrappy "1"

inherits@2:
  version "2.0.3"
  resolved "https://registry.yarnpkg.com/inherits/-/inherits-2.0.3.tgz#633c2c83e3da42a502f52466022480f4208261de"

is-buffer@~2.0.3:
  version "2.0.3"
  resolved "https://registry.yarnpkg.com/is-buffer/-/is-buffer-2.0.3.tgz#4ecf3fcf749cbd1e472689e109ac66261a25e725"

is-callable@^1.1.4:
  version "1.1.4"
  resolved "https://registry.yarnpkg.com/is-callable/-/is-callable-1.1.4.tgz#1e1adf219e1eeb684d691f9d6a05ff0d30a24d75"

is-date-object@^1.0.1:
  version "1.0.1"
  resolved "https://registry.yarnpkg.com/is-date-object/-/is-date-object-1.0.1.tgz#9aa20eb6aeebbff77fbd33e74ca01b33581d3a16"

is-extglob@^2.1.1:
  version "2.1.1"
  resolved "https://registry.yarnpkg.com/is-extglob/-/is-extglob-2.1.1.tgz#a88c02535791f02ed37c76a1b9ea9773c833f8c2"

is-fullwidth-code-point@^2.0.0:
  version "2.0.0"
  resolved "https://registry.yarnpkg.com/is-fullwidth-code-point/-/is-fullwidth-code-point-2.0.0.tgz#a3b30a5c4f199183167aaab93beefae3ddfb654f"

is-fullwidth-code-point@^3.0.0:
  version "3.0.0"
  resolved "https://registry.yarnpkg.com/is-fullwidth-code-point/-/is-fullwidth-code-point-3.0.0.tgz#f116f8064fe90b3f7844a38997c0b75051269f1d"
  integrity sha512-zymm5+u+sCsSWyD9qNaejV3DFvhCKclKdizYaJUuHA83RLjb7nSuGnddCHGv0hk+KY7BMAlsWeK4Ueg6EV6XQg==

is-glob@^4.0.0, is-glob@^4.0.1:
  version "4.0.1"
  resolved "https://registry.yarnpkg.com/is-glob/-/is-glob-4.0.1.tgz#7567dbe9f2f5e2467bc77ab83c4a29482407a5dc"
  dependencies:
    is-extglob "^2.1.1"

is-regex@^1.0.4:
  version "1.0.4"
  resolved "https://registry.yarnpkg.com/is-regex/-/is-regex-1.0.4.tgz#5517489b547091b0930e095654ced25ee97e9491"
  dependencies:
    has "^1.0.1"

is-symbol@^1.0.2:
  version "1.0.2"
  resolved "https://registry.yarnpkg.com/is-symbol/-/is-symbol-1.0.2.tgz#a055f6ae57192caee329e7a860118b497a950f38"
  dependencies:
    has-symbols "^1.0.0"

isexe@^2.0.0:
  version "2.0.0"
  resolved "https://registry.yarnpkg.com/isexe/-/isexe-2.0.0.tgz#e8fbf374dc556ff8947a10dcb0572d633f2cfa10"

js-tokens@^4.0.0:
  version "4.0.0"
  resolved "https://registry.yarnpkg.com/js-tokens/-/js-tokens-4.0.0.tgz#19203fb59991df98e3a287050d4647cdeaf32499"

js-yaml@3.13.1, js-yaml@^3.13.1:
  version "3.13.1"
  resolved "https://registry.yarnpkg.com/js-yaml/-/js-yaml-3.13.1.tgz#aff151b30bfdfa8e49e05da22e7415e9dfa37847"
  dependencies:
    argparse "^1.0.7"
    esprima "^4.0.0"

json-schema-traverse@^0.4.1:
  version "0.4.1"
  resolved "https://registry.yarnpkg.com/json-schema-traverse/-/json-schema-traverse-0.4.1.tgz#69f6a87d9513ab8bb8fe63bdb0979c448e684660"

json-stable-stringify-without-jsonify@^1.0.1:
  version "1.0.1"
  resolved "https://registry.yarnpkg.com/json-stable-stringify-without-jsonify/-/json-stable-stringify-without-jsonify-1.0.1.tgz#9db7b59496ad3f3cfef30a75142d2d930ad72651"

levn@^0.4.1:
  version "0.4.1"
  resolved "https://registry.yarnpkg.com/levn/-/levn-0.4.1.tgz#ae4562c007473b932a6200d403268dd2fffc6ade"
  integrity sha512-+bT2uH4E5LGE7h/n3evcS/sQlJXCpIp6ym8OWJ5eV6+67Dsql/LaaT7qJBAt2rzfoa/5QBGBhxDix1dMt2kQKQ==
  dependencies:
    prelude-ls "^1.2.1"
    type-check "~0.4.0"

locate-path@^3.0.0:
  version "3.0.0"
  resolved "https://registry.yarnpkg.com/locate-path/-/locate-path-3.0.0.tgz#dbec3b3ab759758071b58fe59fc41871af21400e"
  dependencies:
    p-locate "^3.0.0"
    path-exists "^3.0.0"

lodash@^4.17.15, lodash@^4.17.20:
  version "4.17.20"
  resolved "https://registry.yarnpkg.com/lodash/-/lodash-4.17.20.tgz#b44a9b6297bcb698f1c51a3545a2b3b368d59c52"
  integrity sha512-PlhdFcillOINfeV7Ni6oF1TAEayyZBoZ8bcshTHqOYJYlrqzRK5hagpagky5o4HfCzzd1TRkXPMFq6cKk9rGmA==

log-symbols@2.2.0:
  version "2.2.0"
  resolved "https://registry.yarnpkg.com/log-symbols/-/log-symbols-2.2.0.tgz#5740e1c5d6f0dfda4ad9323b5332107ef6b4c40a"
  dependencies:
    chalk "^2.0.1"

minimatch@3.0.4, minimatch@^3.0.4:
  version "3.0.4"
  resolved "https://registry.yarnpkg.com/minimatch/-/minimatch-3.0.4.tgz#5166e286457f03306064be5497e8dbb0c3d32083"
  dependencies:
    brace-expansion "^1.1.7"

minimist@0.0.8:
  version "0.0.8"
  resolved "https://registry.npmjs.org/minimist/-/minimist-0.0.8.tgz#857fcabfc3397d2625b8228262e86aa7a011b05d"

mkdirp@0.5.1:
  version "0.5.1"
  resolved "https://registry.npmjs.org/mkdirp/-/mkdirp-0.5.1.tgz#30057438eac6cf7f8c4767f38648d6697d75c903"
  dependencies:
    minimist "0.0.8"

mocha@^6.0.0:
  version "6.2.2"
  resolved "https://registry.yarnpkg.com/mocha/-/mocha-6.2.2.tgz#5d8987e28940caf8957a7d7664b910dc5b2fea20"
  dependencies:
    ansi-colors "3.2.3"
    browser-stdout "1.3.1"
    debug "3.2.6"
    diff "3.5.0"
    escape-string-regexp "1.0.5"
    find-up "3.0.0"
    glob "7.1.3"
    growl "1.10.5"
    he "1.2.0"
    js-yaml "3.13.1"
    log-symbols "2.2.0"
    minimatch "3.0.4"
    mkdirp "0.5.1"
    ms "2.1.1"
    node-environment-flags "1.0.5"
    object.assign "4.1.0"
    strip-json-comments "2.0.1"
    supports-color "6.0.0"
    which "1.3.1"
    wide-align "1.1.3"
    yargs "13.3.0"
    yargs-parser "13.1.1"
    yargs-unparser "1.6.0"

moment@^2.18.1:
  version "2.22.2"
  resolved "https://registry.yarnpkg.com/moment/-/moment-2.22.2.tgz#3c257f9839fc0e93ff53149632239eb90783ff66"

ms@2.1.1, ms@^2.1.1:
  version "2.1.1"
  resolved "https://registry.yarnpkg.com/ms/-/ms-2.1.1.tgz#30a5864eb3ebb0a66f2ebe6d727af06a09d86e0a"

natural-compare@^1.4.0:
  version "1.4.0"
  resolved "https://registry.yarnpkg.com/natural-compare/-/natural-compare-1.4.0.tgz#4abebfeed7541f2c27acfb29bdbbd15c8d5ba4f7"

node-environment-flags@1.0.5:
  version "1.0.5"
  resolved "https://registry.yarnpkg.com/node-environment-flags/-/node-environment-flags-1.0.5.tgz#fa930275f5bf5dae188d6192b24b4c8bbac3d76a"
  dependencies:
    object.getownpropertydescriptors "^2.0.3"
    semver "^5.7.0"

object-keys@^1.0.11, object-keys@^1.0.12:
  version "1.1.0"
  resolved "https://registry.yarnpkg.com/object-keys/-/object-keys-1.1.0.tgz#11bd22348dd2e096a045ab06f6c85bcc340fa032"

object.assign@4.1.0:
  version "4.1.0"
  resolved "https://registry.yarnpkg.com/object.assign/-/object.assign-4.1.0.tgz#968bf1100d7956bb3ca086f006f846b3bc4008da"
  dependencies:
    define-properties "^1.1.2"
    function-bind "^1.1.1"
    has-symbols "^1.0.0"
    object-keys "^1.0.11"

object.getownpropertydescriptors@^2.0.3:
  version "2.0.3"
  resolved "https://registry.yarnpkg.com/object.getownpropertydescriptors/-/object.getownpropertydescriptors-2.0.3.tgz#8758c846f5b407adab0f236e0986f14b051caa16"
  dependencies:
    define-properties "^1.1.2"
    es-abstract "^1.5.1"

once@^1.3.0:
  version "1.4.0"
  resolved "https://registry.yarnpkg.com/once/-/once-1.4.0.tgz#583b1aa775961d4b113ac17d9c50baef9dd76bd1"
  dependencies:
    wrappy "1"

optionator@^0.9.1:
  version "0.9.1"
  resolved "https://registry.yarnpkg.com/optionator/-/optionator-0.9.1.tgz#4f236a6373dae0566a6d43e1326674f50c291499"
  integrity sha512-74RlY5FCnhq4jRxVUPKDaRwrVNXMqsGsiW6AJw4XK8hmtm10wC0ypZBLw5IIp85NZMr91+qd1RvvENwg7jjRFw==
  dependencies:
    deep-is "^0.1.3"
    fast-levenshtein "^2.0.6"
    levn "^0.4.1"
    prelude-ls "^1.2.1"
    type-check "^0.4.0"
    word-wrap "^1.2.3"

p-limit@^2.0.0:
  version "2.1.0"
  resolved "https://registry.yarnpkg.com/p-limit/-/p-limit-2.1.0.tgz#1d5a0d20fb12707c758a655f6bbc4386b5930d68"
  dependencies:
    p-try "^2.0.0"

p-locate@^3.0.0:
  version "3.0.0"
  resolved "https://registry.yarnpkg.com/p-locate/-/p-locate-3.0.0.tgz#322d69a05c0264b25997d9f40cd8a891ab0064a4"
  dependencies:
    p-limit "^2.0.0"

p-try@^2.0.0:
  version "2.0.0"
  resolved "https://registry.yarnpkg.com/p-try/-/p-try-2.0.0.tgz#85080bb87c64688fa47996fe8f7dfbe8211760b1"

parent-module@^1.0.0:
  version "1.0.0"
  resolved "https://registry.yarnpkg.com/parent-module/-/parent-module-1.0.0.tgz#df250bdc5391f4a085fb589dad761f5ad6b865b5"
  dependencies:
    callsites "^3.0.0"

path-exists@^3.0.0:
  version "3.0.0"
  resolved "https://registry.yarnpkg.com/path-exists/-/path-exists-3.0.0.tgz#ce0ebeaa5f78cb18925ea7d810d7b59b010fd515"

path-is-absolute@^1.0.0:
  version "1.0.1"
  resolved "https://registry.yarnpkg.com/path-is-absolute/-/path-is-absolute-1.0.1.tgz#174b9268735534ffbc7ace6bf53a5a9e1b5c5f5f"

path-key@^3.1.0:
  version "3.1.1"
  resolved "https://registry.yarnpkg.com/path-key/-/path-key-3.1.1.tgz#581f6ade658cbba65a0d3380de7753295054f375"
  integrity sha512-ojmeN0qd+y0jszEtoY48r0Peq5dwMEkIlCOu6Q5f41lfkswXuKtYrhgoTpLnyIcHm24Uhqx+5Tqm2InSwLhE6Q==

path-parse@^1.0.5:
  version "1.0.6"
  resolved "https://registry.yarnpkg.com/path-parse/-/path-parse-1.0.6.tgz#d62dbb5679405d72c4737ec58600e9ddcf06d24c"

prelude-ls@^1.2.1:
  version "1.2.1"
  resolved "https://registry.yarnpkg.com/prelude-ls/-/prelude-ls-1.2.1.tgz#debc6489d7a6e6b0e7611888cec880337d316396"
  integrity sha512-vkcDPrRZo1QZLbn5RLGPpg/WmIQ65qoWWhcGKf/b5eplkkarX0m9z8ppCat4mlOqUsWpyNuYgO3VRyrYHSzX5g==

prettier-linter-helpers@^1.0.0:
  version "1.0.0"
  resolved "https://registry.yarnpkg.com/prettier-linter-helpers/-/prettier-linter-helpers-1.0.0.tgz#d23d41fe1375646de2d0104d3454a3008802cf7b"
  dependencies:
    fast-diff "^1.1.2"

prettier@^1.15.3:
  version "1.19.1"
  resolved "https://registry.yarnpkg.com/prettier/-/prettier-1.19.1.tgz#f7d7f5ff8a9cd872a7be4ca142095956a60797cb"

progress@^2.0.0:
  version "2.0.0"
  resolved "https://registry.yarnpkg.com/progress/-/progress-2.0.0.tgz#8a1be366bf8fc23db2bd23f10c6fe920b4389d1f"

punycode@^2.1.0:
  version "2.1.1"
  resolved "https://registry.yarnpkg.com/punycode/-/punycode-2.1.1.tgz#b58b010ac40c22c5657616c8d2c2c02c7bf479ec"

regexpp@^2.0.0:
  version "2.0.1"
  resolved "https://registry.yarnpkg.com/regexpp/-/regexpp-2.0.1.tgz#8d19d31cf632482b589049f8281f93dbcba4d07f"

regexpp@^3.1.0:
  version "3.1.0"
  resolved "https://registry.yarnpkg.com/regexpp/-/regexpp-3.1.0.tgz#206d0ad0a5648cffbdb8ae46438f3dc51c9f78e2"
  integrity sha512-ZOIzd8yVsQQA7j8GCSlPGXwg5PfmA1mrq0JP4nGhh54LaKN3xdai/vHUDu74pKwV8OxseMS65u2NImosQcSD0Q==

require-directory@^2.1.1:
  version "2.1.1"
  resolved "https://registry.yarnpkg.com/require-directory/-/require-directory-2.1.1.tgz#8c64ad5fd30dab1c976e2344ffe7f792a6a6df42"

require-main-filename@^2.0.0:
  version "2.0.0"
  resolved "https://registry.yarnpkg.com/require-main-filename/-/require-main-filename-2.0.0.tgz#d0b329ecc7cc0f61649f62215be69af54aa8989b"

resolve-from@^4.0.0:
  version "4.0.0"
  resolved "https://registry.yarnpkg.com/resolve-from/-/resolve-from-4.0.0.tgz#4abcd852ad32dd7baabfe9b40e00a36db5f392e6"

resolve@^1.8.1:
  version "1.8.1"
  resolved "https://registry.yarnpkg.com/resolve/-/resolve-1.8.1.tgz#82f1ec19a423ac1fbd080b0bab06ba36e84a7a26"
  dependencies:
    path-parse "^1.0.5"

rimraf@^3.0.2:
  version "3.0.2"
  resolved "https://registry.yarnpkg.com/rimraf/-/rimraf-3.0.2.tgz#f1a5402ba6220ad52cc1282bac1ae3aa49fd061a"
  integrity sha512-JZkJMZkAGFFPP2YqXZXPbMlMBgsxzE8ILs4lMIX/2o0L9UBw9O/Y3o6wFw/i9YLapcUJWwqbi3kdxIPdC62TIA==
  dependencies:
    glob "^7.1.3"

semver@^5.4.1, semver@^5.5.0, semver@^5.7.0:
  version "5.7.0"
  resolved "https://registry.yarnpkg.com/semver/-/semver-5.7.0.tgz#790a7cf6fea5459bac96110b29b60412dc8ff96b"

semver@^7.2.1:
  version "7.3.2"
  resolved "https://registry.yarnpkg.com/semver/-/semver-7.3.2.tgz#604962b052b81ed0786aae84389ffba70ffd3938"
  integrity sha512-OrOb32TeeambH6UrhtShmF7CRDqhL6/5XpPNp2DuRH6+9QLw/orhp72j87v8Qa1ScDkvrrBNpZcDejAirJmfXQ==

set-blocking@^2.0.0:
  version "2.0.0"
  resolved "https://registry.yarnpkg.com/set-blocking/-/set-blocking-2.0.0.tgz#045f9782d011ae9a6803ddd382b24392b3d890f7"

shebang-command@^2.0.0:
  version "2.0.0"
  resolved "https://registry.yarnpkg.com/shebang-command/-/shebang-command-2.0.0.tgz#ccd0af4f8835fbdc265b82461aaf0c36663f34ea"
  integrity sha512-kHxr2zZpYtdmrN1qDjrrX/Z1rR1kG8Dx+gkpK1G4eXmvXswmcE1hTWBWYUzlraYw1/yZp6YuDY77YtvbN0dmDA==
  dependencies:
    shebang-regex "^3.0.0"

shebang-regex@^3.0.0:
  version "3.0.0"
  resolved "https://registry.yarnpkg.com/shebang-regex/-/shebang-regex-3.0.0.tgz#ae16f1644d873ecad843b0307b143362d4c42172"
  integrity sha512-7++dFhtcx3353uBaq8DDR4NuxBetBzC7ZQOhmTQInHEd6bSrXdiEyzCvG07Z44UYdLShWUyXt5M/yhz8ekcb1A==

slice-ansi@^4.0.0:
  version "4.0.0"
  resolved "https://registry.yarnpkg.com/slice-ansi/-/slice-ansi-4.0.0.tgz#500e8dd0fd55b05815086255b3195adf2a45fe6b"
  integrity sha512-qMCMfhY040cVHT43K9BFygqYbUPFZKHOg7K73mtTWJRb8pyP3fzf4Ixd5SzdEJQ6MRUg/WBnOLxghZtKKurENQ==
  dependencies:
    ansi-styles "^4.0.0"
    astral-regex "^2.0.0"
    is-fullwidth-code-point "^3.0.0"

sprintf-js@~1.0.2:
  version "1.0.3"
  resolved "https://registry.yarnpkg.com/sprintf-js/-/sprintf-js-1.0.3.tgz#04e6926f662895354f3dd015203633b857297e2c"

"string-width@^1.0.2 || 2":
  version "2.1.1"
  resolved "https://registry.yarnpkg.com/string-width/-/string-width-2.1.1.tgz#ab93f27a8dc13d28cac815c462143a6d9012ae9e"
  dependencies:
    is-fullwidth-code-point "^2.0.0"
    strip-ansi "^4.0.0"

string-width@^3.0.0, string-width@^3.1.0:
  version "3.1.0"
  resolved "https://registry.yarnpkg.com/string-width/-/string-width-3.1.0.tgz#22767be21b62af1081574306f69ac51b62203961"
  dependencies:
    emoji-regex "^7.0.1"
    is-fullwidth-code-point "^2.0.0"
    strip-ansi "^5.1.0"

string-width@^4.2.0:
  version "4.2.0"
  resolved "https://registry.yarnpkg.com/string-width/-/string-width-4.2.0.tgz#952182c46cc7b2c313d1596e623992bd163b72b5"
  integrity sha512-zUz5JD+tgqtuDjMhwIg5uFVV3dtqZ9yQJlZVfq4I01/K5Paj5UHj7VyrQOJvzawSVlKpObApbfD0Ed6yJc+1eg==
  dependencies:
    emoji-regex "^8.0.0"
    is-fullwidth-code-point "^3.0.0"
    strip-ansi "^6.0.0"

strip-ansi@^4.0.0:
  version "4.0.0"
  resolved "https://registry.yarnpkg.com/strip-ansi/-/strip-ansi-4.0.0.tgz#a8479022eb1ac368a871389b635262c505ee368f"
  dependencies:
    ansi-regex "^3.0.0"

strip-ansi@^5.0.0, strip-ansi@^5.1.0, strip-ansi@^5.2.0:
  version "5.2.0"
  resolved "https://registry.yarnpkg.com/strip-ansi/-/strip-ansi-5.2.0.tgz#8c9a536feb6afc962bdfa5b104a5091c1ad9c0ae"
  dependencies:
    ansi-regex "^4.1.0"

strip-ansi@^6.0.0:
  version "6.0.0"
  resolved "https://registry.yarnpkg.com/strip-ansi/-/strip-ansi-6.0.0.tgz#0b1571dd7669ccd4f3e06e14ef1eed26225ae532"
  integrity sha512-AuvKTrTfQNYNIctbR1K/YGTR1756GycPsg7b9bdV9Duqur4gv6aKqHXah67Z8ImS7WEz5QVcOtlfW2rZEugt6w==
  dependencies:
    ansi-regex "^5.0.0"

strip-json-comments@2.0.1:
  version "2.0.1"
  resolved "https://registry.yarnpkg.com/strip-json-comments/-/strip-json-comments-2.0.1.tgz#3c531942e908c2697c0ec344858c286c7ca0a60a"

strip-json-comments@^3.1.0, strip-json-comments@^3.1.1:
  version "3.1.1"
  resolved "https://registry.yarnpkg.com/strip-json-comments/-/strip-json-comments-3.1.1.tgz#31f1281b3832630434831c310c01cccda8cbe006"
  integrity sha512-6fPc+R4ihwqP6N/aIv2f1gMH8lOVtWQHoqC4yK6oSDVVocumAsfCqjkXnqiYMhmMwS/mEHLp7Vehlt3ql6lEig==

supports-color@6.0.0:
  version "6.0.0"
  resolved "https://registry.yarnpkg.com/supports-color/-/supports-color-6.0.0.tgz#76cfe742cf1f41bb9b1c29ad03068c05b4c0e40a"
  dependencies:
    has-flag "^3.0.0"

supports-color@^5.3.0:
  version "5.5.0"
  resolved "https://registry.yarnpkg.com/supports-color/-/supports-color-5.5.0.tgz#e2e69a44ac8772f78a1ec0b35b689df6530efc8f"
  dependencies:
    has-flag "^3.0.0"

supports-color@^7.1.0:
  version "7.1.0"
  resolved "https://registry.yarnpkg.com/supports-color/-/supports-color-7.1.0.tgz#68e32591df73e25ad1c4b49108a2ec507962bfd1"
  integrity sha512-oRSIpR8pxT1Wr2FquTNnGet79b3BWljqOuoW/h4oBhxJ/HUbX5nX6JSruTkvXDCFMwDPvsaTTbvMLKZWSy0R5g==
  dependencies:
    has-flag "^4.0.0"

table@^6.0.4:
  version "6.0.4"
  resolved "https://registry.yarnpkg.com/table/-/table-6.0.4.tgz#c523dd182177e926c723eb20e1b341238188aa0d"
  integrity sha512-sBT4xRLdALd+NFBvwOz8bw4b15htyythha+q+DVZqy2RS08PPC8O2sZFgJYEY7bJvbCFKccs+WIZ/cd+xxTWCw==
  dependencies:
    ajv "^6.12.4"
    lodash "^4.17.20"
    slice-ansi "^4.0.0"
    string-width "^4.2.0"

text-table@^0.2.0:
  version "0.2.0"
  resolved "https://registry.yarnpkg.com/text-table/-/text-table-0.2.0.tgz#7f5ee823ae805207c00af2df4a84ec3fcfa570b4"

type-check@^0.4.0, type-check@~0.4.0:
  version "0.4.0"
  resolved "https://registry.yarnpkg.com/type-check/-/type-check-0.4.0.tgz#07b8203bfa7056c0657050e3ccd2c37730bab8f1"
  integrity sha512-XleUoc9uwGXqjWwXaUTZAmzMcFZ5858QA2vvx1Ur5xIcixXIP+8LnFDgRplU30us6teqdlskFfu+ae4K79Ooew==
  dependencies:
    prelude-ls "^1.2.1"

type-fest@^0.8.1:
  version "0.8.1"
  resolved "https://registry.yarnpkg.com/type-fest/-/type-fest-0.8.1.tgz#09e249ebde851d3b1e48d27c105444667f17b83d"

uri-js@^4.2.2:
  version "4.2.2"
  resolved "https://registry.yarnpkg.com/uri-js/-/uri-js-4.2.2.tgz#94c540e1ff772956e2299507c010aea6c8838eb0"
  dependencies:
    punycode "^2.1.0"

v8-compile-cache@^2.0.3:
  version "2.0.3"
  resolved "https://registry.yarnpkg.com/v8-compile-cache/-/v8-compile-cache-2.0.3.tgz#00f7494d2ae2b688cfe2899df6ed2c54bef91dbe"

vue-eslint-parser@^7.5.0:
  version "7.5.0"
  resolved "https://registry.yarnpkg.com/vue-eslint-parser/-/vue-eslint-parser-7.5.0.tgz#b68221c55fee061899afcfb4441ec74c1495285e"
  integrity sha512-6EHzl00hIpy4yWZo3qSbtvtVw1A1cTKOv1w95QSuAqGgk4113XtRjvNIiEGo49r0YWOPYsrmI4Dl64axL5Agrw==
  dependencies:
    debug "^4.1.1"
    eslint-scope "^5.0.0"
    eslint-visitor-keys "^1.1.0"
    espree "^6.2.1"
    esquery "^1.4.0"
    lodash "^4.17.15"

which-module@^2.0.0:
  version "2.0.0"
  resolved "https://registry.yarnpkg.com/which-module/-/which-module-2.0.0.tgz#d9ef07dce77b9902b8a3a8fa4b31c3e3f7e6e87a"

which@1.3.1:
  version "1.3.1"
  resolved "https://registry.yarnpkg.com/which/-/which-1.3.1.tgz#a45043d54f5805316da8d62f9f50918d3da70b0a"
  dependencies:
    isexe "^2.0.0"

which@^2.0.1:
  version "2.0.2"
  resolved "https://registry.yarnpkg.com/which/-/which-2.0.2.tgz#7c6a8dd0a636a0327e10b59c9286eee93f3f51b1"
  integrity sha512-BLI3Tl1TW3Pvl70l3yq3Y64i+awpwXqsGBYWkkqMtnbXgrMD+yj7rhW0kuEDxzJaYXGjEW5ogapKNMEKNMjibA==
  dependencies:
    isexe "^2.0.0"

wide-align@1.1.3:
  version "1.1.3"
  resolved "https://registry.yarnpkg.com/wide-align/-/wide-align-1.1.3.tgz#ae074e6bdc0c14a431e804e624549c633b000457"
  dependencies:
    string-width "^1.0.2 || 2"

word-wrap@^1.2.3:
  version "1.2.3"
  resolved "https://registry.yarnpkg.com/word-wrap/-/word-wrap-1.2.3.tgz#610636f6b1f703891bd34771ccb17fb93b47079c"
  integrity sha512-Hz/mrNwitNRh/HUAtM/VT/5VH+ygD6DV7mYKZAtHOrbs8U7lvPS6xf7EJKMF0uW1KJCl0H701g3ZGus+muE5vQ==

wrap-ansi@^5.1.0:
  version "5.1.0"
  resolved "https://registry.yarnpkg.com/wrap-ansi/-/wrap-ansi-5.1.0.tgz#1fd1f67235d5b6d0fee781056001bfb694c03b09"
  dependencies:
    ansi-styles "^3.2.0"
    string-width "^3.0.0"
    strip-ansi "^5.0.0"

wrappy@1:
  version "1.0.2"
  resolved "https://registry.yarnpkg.com/wrappy/-/wrappy-1.0.2.tgz#b5243d8f3ec1aa35f1364605bc0d1036e30ab69f"

y18n@^4.0.0:
  version "4.0.0"
  resolved "https://registry.yarnpkg.com/y18n/-/y18n-4.0.0.tgz#95ef94f85ecc81d007c264e190a120f0a3c8566b"

yargs-parser@13.1.1, yargs-parser@^13.1.1:
  version "13.1.1"
  resolved "https://registry.yarnpkg.com/yargs-parser/-/yargs-parser-13.1.1.tgz#d26058532aa06d365fe091f6a1fc06b2f7e5eca0"
  dependencies:
    camelcase "^5.0.0"
    decamelize "^1.2.0"

yargs-unparser@1.6.0:
  version "1.6.0"
  resolved "https://registry.yarnpkg.com/yargs-unparser/-/yargs-unparser-1.6.0.tgz#ef25c2c769ff6bd09e4b0f9d7c605fb27846ea9f"
  dependencies:
    flat "^4.1.0"
    lodash "^4.17.15"
    yargs "^13.3.0"

yargs@13.3.0, yargs@^13.3.0:
  version "13.3.0"
  resolved "https://registry.yarnpkg.com/yargs/-/yargs-13.3.0.tgz#4c657a55e07e5f2cf947f8a366567c04a0dedc83"
  dependencies:
    cliui "^5.0.0"
    find-up "^3.0.0"
    get-caller-file "^2.0.1"
    require-directory "^2.1.1"
    require-main-filename "^2.0.0"
    set-blocking "^2.0.0"
    string-width "^3.0.0"
    which-module "^2.0.0"
    y18n "^4.0.0"
    yargs-parser "^13.1.1"
